<?xml version="1.0" encoding="utf-8"?>
<Project xmlns="http://schemas.microsoft.com/developer/msbuild/2003">
  <ItemGroup>
    <Filter Include="Generated Files">
      <UniqueIdentifier>{71ED8ED8-ACB9-4CE9-BBE1-E00B30144E11}</UniqueIdentifier>
      <Extensions>cpp;c;cxx;moc;h;def;odl;idl;res;</Extensions>
    </Filter>
    <Filter Include="Generated Files">
      <UniqueIdentifier>{71ED8ED8-ACB9-4CE9-BBE1-E00B30144E11}</UniqueIdentifier>
      <Extensions>cpp;c;cxx;moc;h;def;odl;idl;res;</Extensions>
    </Filter>
    <Filter Include="Header Files">
      <UniqueIdentifier>{93995380-89BD-4b04-88EB-625FBE52EBFB}</UniqueIdentifier>
      <Extensions>h;hpp;hxx;hm;inl;inc;xsd</Extensions>
    </Filter>
    <Filter Include="Header Files">
      <UniqueIdentifier>{93995380-89BD-4b04-88EB-625FBE52EBFB}</UniqueIdentifier>
      <Extensions>h;hpp;hxx;hm;inl;inc;xsd</Extensions>
    </Filter>
    <Filter Include="Resource Files">
      <UniqueIdentifier>{D9D6E242-F8AF-46E4-B9FD-80ECBC20BA3E}</UniqueIdentifier>
      <Extensions>qrc;*</Extensions>
      <ParseFiles>false</ParseFiles>
    </Filter>
    <Filter Include="Resource Files">
      <UniqueIdentifier>{D9D6E242-F8AF-46E4-B9FD-80ECBC20BA3E}</UniqueIdentifier>
      <Extensions>qrc;*</Extensions>
      <ParseFiles>false</ParseFiles>
    </Filter>
    <Filter Include="Source Files">
      <UniqueIdentifier>{4FC737F1-C7A5-4376-A066-2A32D752A2FF}</UniqueIdentifier>
      <Extensions>cpp;c;cxx;def;odl;idl;hpj;bat;asm;asmx</Extensions>
    </Filter>
    <Filter Include="Source Files">
      <UniqueIdentifier>{4FC737F1-C7A5-4376-A066-2A32D752A2FF}</UniqueIdentifier>
      <Extensions>cpp;c;cxx;def;odl;idl;hpj;bat;asm;asmx</Extensions>
    </Filter>
  </ItemGroup>
  <ItemGroup>
    <ClCompile Include="Data_S.cpp">
      <Filter>Source Files</Filter>
    </ClCompile>
    <ClCompile Include="FilterHeaderView.cpp">
      <Filter>Source Files</Filter>
    </ClCompile>
    <ClCompile Include="FindWidget.cpp">
      <Filter>Source Files</Filter>
    </ClCompile>
    <ClCompile Include="ShowFilterWidget.cpp">
      <Filter>Source Files</Filter>
    </ClCompile>
    <ClCompile Include="connectConfig.cpp">
      <Filter>Source Files</Filter>
    </ClCompile>
    <ClCompile Include="dataWindow.cpp">
      <Filter>Source Files</Filter>
    </ClCompile>
    <ClCompile Include="main.cpp">
      <Filter>Source Files</Filter>
    </ClCompile>
    <ClCompile Include="mainWindow.cpp">
      <Filter>Source Files</Filter>
    </ClCompile>
    <ClCompile Include="tablewindow.cpp">
      <Filter>Source Files</Filter>
    </ClCompile>
  </ItemGroup>
  <ItemGroup>
    <ClInclude Include="Data.h">
      <Filter>Header Files</Filter>
    </ClInclude>
    <ClInclude Include="Data_S.h">
      <Filter>Header Files</Filter>
    </ClInclude>
    <QtMoc Include="FilterHeaderView.h">
      <Filter>Header Files</Filter>
    </QtMoc>
    <ClInclude Include="FindWidget.h">
      <Filter>Header Files</Filter>
    </ClInclude>
    <QtMoc Include="ShowFilterWidget.h">
      <Filter>Header Files</Filter>
    </QtMoc>
    <QtMoc Include="connectConfig.h">
      <Filter>Header Files</Filter>
    </QtMoc>
    <QtMoc Include="dataWindow.h">
      <Filter>Header Files</Filter>
    </QtMoc>
    <ClInclude Include="information.h">
      <Filter>Header Files</Filter>
    </ClInclude>
    <QtMoc Include="mainWindow.h">
      <Filter>Header Files</Filter>
    </QtMoc>
    <QtMoc Include="tablewindow.h">
      <Filter>Header Files</Filter>
    </QtMoc>
  </ItemGroup>
  <ItemGroup>
    
    
    
    
    
    
    
    
    
    
    <CustomBuild Include="debug\moc_predefs.h.cbt">
      <Filter>Generated Files</Filter>
    </CustomBuild>
    <CustomBuild Include="release\moc_predefs.h.cbt">
      <Filter>Generated Files</Filter>
    </CustomBuild>
    
    
    
    
  </ItemGroup>
  <ItemGroup>
    <QtRcc Include="alumni.qrc">
      <Filter>Resource Files</Filter>
    </QtRcc>
    <None Include="filter.svg">
      <Filter>Resource Files</Filter>
    </None>
    <None Include="filter_black.svg">
      <Filter>Resource Files</Filter>
    </None>
    <None Include="filter_red.svg">
      <Filter>Resource Files</Filter>
    </None>
    <None Include="image.ico">
      <Filter>Resource Files</Filter>
    </None>
    <None Include="style_sheet.qss">
      <Filter>Resource Files</Filter>
    </None>
  </ItemGroup>
  <ItemGroup>
    <ResourceCompile Include="A:\Qt\Alumni\Alumni_resource.rc" />
  </ItemGroup>
</Project>